
Microsoft Visual Studio Solution File, Format Version 12.00
# Visual Studio 15
VisualStudioVersion = 15.0.28307.1758
MinimumVisualStudioVersion = 10.0.40219.1
Project("{FAE04EC0-301F-11D3-BF4B-00C04F79EFBC}") = "DAL", "DAL\DAL.csproj", "{C545C079-972F-410E-9FD7-957E0B81B69A}"
EndProject
Project("{FAE04EC0-301F-11D3-BF4B-00C04F79EFBC}") = "BLL", "BLL\BLL.csproj", "{8C9904CF-F763-4368-93EA-5C5E8162E49B}"
EndProject
Project("{FAE04EC0-301F-11D3-BF4B-00C04F79EFBC}") = "UnitTestProject", "UnitTestProject\UnitTestProject.csproj", "{995BB87C-D433-49F3-951D-B2CEDCC19FC1}"
EndProject
Global
	GlobalSection(SolutionConfigurationPlatforms) = preSolution
		Debug|Any CPU = Debug|Any CPU
		Release|Any CPU = Release|Any CPU
	EndGlobalSection
	GlobalSection(ProjectConfigurationPlatforms) = postSolution
		{C545C079-972F-410E-9FD7-957E0B81B69A}.Debug|Any CPU.ActiveCfg = Debug|Any CPU
		{C545C079-972F-410E-9FD7-957E0B81B69A}.Debug|Any CPU.Build.0 = Debug|Any CPU
		{C545C079-972F-410E-9FD7-957E0B81B69A}.Release|Any CPU.ActiveCfg = Release|Any CPU
		{C545C079-972F-410E-9FD7-957E0B81B69A}.Release|Any CPU.Build.0 = Release|Any CPU
		{8C9904CF-F763-4368-93EA-5C5E8162E49B}.Debug|Any CPU.ActiveCfg = Debug|Any CPU
		{8C9904CF-F763-4368-93EA-5C5E8162E49B}.Debug|Any CPU.Build.0 = Debug|Any CPU
		{8C9904CF-F763-4368-93EA-5C5E8162E49B}.Release|Any CPU.ActiveCfg = Release|Any CPU
		{8C9904CF-F763-4368-93EA-5C5E8162E49B}.Release|Any CPU.Build.0 = Release|Any CPU
		{995BB87C-D433-49F3-951D-B2CEDCC19FC1}.Debug|Any CPU.ActiveCfg = Debug|Any CPU
		{995BB87C-D433-49F3-951D-B2CEDCC19FC1}.Debug|Any CPU.Build.0 = Debug|Any CPU
		{995BB87C-D433-49F3-951D-B2CEDCC19FC1}.Release|Any CPU.ActiveCfg = Release|Any CPU
		{995BB87C-D433-49F3-951D-B2CEDCC19FC1}.Release|Any CPU.Build.0 = Release|Any CPU
	EndGlobalSection
	GlobalSection(SolutionProperties) = preSolution
		HideSolutionNode = FALSE
	EndGlobalSection
	GlobalSection(ExtensibilityGlobals) = postSolution
		SolutionGuid = {D0BA2905-BF49-478D-ABB0-0E3263A2EC89}
	EndGlobalSection
EndGlobal
